
Microsoft Visual Studio Solution File, Format Version 12.00
# Visual Studio Version 17
VisualStudioVersion = 17.7.34009.444
MinimumVisualStudioVersion = 10.0.40219.1
Project("{FAE04EC0-301F-11D3-BF4B-00C04F79EFBC}") = "FAILCREW", "FAILCREW\FAILCREW.csproj", "{DE1BD091-88AD-4C4D-821D-516530396387}"
EndProject
Global
	GlobalSection(SolutionConfigurationPlatforms) = preSolution
		Debug|Any CPU = Debug|Any CPU
		Release|Any CPU = Release|Any CPU
	EndGlobalSection
	GlobalSection(ProjectConfigurationPlatforms) = postSolution
		{DE1BD091-88AD-4C4D-821D-516530396387}.Debug|Any CPU.ActiveCfg = Debug|Any CPU
		{DE1BD091-88AD-4C4D-821D-516530396387}.Debug|Any CPU.Build.0 = Debug|Any CPU
		{DE1BD091-88AD-4C4D-821D-516530396387}.Release|Any CPU.ActiveCfg = Release|Any CPU
		{DE1BD091-88AD-4C4D-821D-516530396387}.Release|Any CPU.Build.0 = Release|Any CPU
	EndGlobalSection
	GlobalSection(SolutionProperties) = preSolution
		HideSolutionNode = FALSE
	EndGlobalSection
	GlobalSection(ExtensibilityGlobals) = postSolution
		SolutionGuid = {F7721F7A-F9BD-4A2D-976C-F7F5F71CF110}
	EndGlobalSection
EndGlobal
